# This file is automatically @generated by Cargo.
# It is not intended for manual editing.
version = 4

[[package]]
name = "debugless-unwrap"
version = "1.0.0"
source = "registry+https://github.com/rust-lang/crates.io-index"
checksum = "b93fdcfc175d53094fca1d23d171685621bb67f1658413514f2053d575b3b38c"

[[package]]
name = "pebble-skip"
version = "0.1.0-dev+4.9.169"
dependencies = [
 "debugless-unwrap",
 "pebble-sys",
 "unsafe_unwrap",
]

[[package]]
name = "pebble-sys"
version = "0.1.0-dev+4.9.169"

[[package]]
name = "unsafe_unwrap"
version = "0.1.0"
source = "registry+https://github.com/rust-lang/crates.io-index"
checksum = "1230ec65f13e0f9b28d789da20d2d419511893ea9dac2c1f4ef67b8b14e5da80"
